
Microsoft Visual Studio Solution File, Format Version 12.00
# Visual Studio Version 17
VisualStudioVersion = 17.14.36121.58 d17.14
MinimumVisualStudioVersion = 10.0.40219.1
Project("{FAE04EC0-301F-11D3-BF4B-00C04F79EFBC}") = "ExtratoBanco", "ExtratoBanco\ExtratoBanco.csproj", "{CDB3B602-755F-4450-B3FA-5F28DA7FA074}"
EndProject
Project("{FAE04EC0-301F-11D3-BF4B-00C04F79EFBC}") = "Data.Domain", "Data.Domain\Data.Domain.csproj", "{D332E43E-5AEF-40CA-8B40-A8F02BDCCC1B}"
EndProject
Project("{FAE04EC0-301F-11D3-BF4B-00C04F79EFBC}") = "Service", "Service\Service.csproj", "{0628B703-A7BF-4C28-850B-3A8C67B04F0C}"
EndProject
Project("{FAE04EC0-301F-11D3-BF4B-00C04F79EFBC}") = "Application", "Application\Application.csproj", "{8B2FA155-2A76-41A9-A881-C62587164D20}"
EndProject
Project("{FAE04EC0-301F-11D3-BF4B-00C04F79EFBC}") = "Shared", "Shared\Shared.csproj", "{5354D711-5A8C-4015-8527-7BD074179648}"
EndProject
Global
	GlobalSection(SolutionConfigurationPlatforms) = preSolution
		Debug|Any CPU = Debug|Any CPU
		Release|Any CPU = Release|Any CPU
	EndGlobalSection
	GlobalSection(ProjectConfigurationPlatforms) = postSolution
		{CDB3B602-755F-4450-B3FA-5F28DA7FA074}.Debug|Any CPU.ActiveCfg = Debug|Any CPU
		{CDB3B602-755F-4450-B3FA-5F28DA7FA074}.Debug|Any CPU.Build.0 = Debug|Any CPU
		{CDB3B602-755F-4450-B3FA-5F28DA7FA074}.Release|Any CPU.ActiveCfg = Release|Any CPU
		{CDB3B602-755F-4450-B3FA-5F28DA7FA074}.Release|Any CPU.Build.0 = Release|Any CPU
		{D332E43E-5AEF-40CA-8B40-A8F02BDCCC1B}.Debug|Any CPU.ActiveCfg = Debug|Any CPU
		{D332E43E-5AEF-40CA-8B40-A8F02BDCCC1B}.Debug|Any CPU.Build.0 = Debug|Any CPU
		{D332E43E-5AEF-40CA-8B40-A8F02BDCCC1B}.Release|Any CPU.ActiveCfg = Release|Any CPU
		{D332E43E-5AEF-40CA-8B40-A8F02BDCCC1B}.Release|Any CPU.Build.0 = Release|Any CPU
		{0628B703-A7BF-4C28-850B-3A8C67B04F0C}.Debug|Any CPU.ActiveCfg = Debug|Any CPU
		{0628B703-A7BF-4C28-850B-3A8C67B04F0C}.Debug|Any CPU.Build.0 = Debug|Any CPU
		{0628B703-A7BF-4C28-850B-3A8C67B04F0C}.Release|Any CPU.ActiveCfg = Release|Any CPU
		{0628B703-A7BF-4C28-850B-3A8C67B04F0C}.Release|Any CPU.Build.0 = Release|Any CPU
		{8B2FA155-2A76-41A9-A881-C62587164D20}.Debug|Any CPU.ActiveCfg = Debug|Any CPU
		{8B2FA155-2A76-41A9-A881-C62587164D20}.Debug|Any CPU.Build.0 = Debug|Any CPU
		{8B2FA155-2A76-41A9-A881-C62587164D20}.Release|Any CPU.ActiveCfg = Release|Any CPU
		{8B2FA155-2A76-41A9-A881-C62587164D20}.Release|Any CPU.Build.0 = Release|Any CPU
		{5354D711-5A8C-4015-8527-7BD074179648}.Debug|Any CPU.ActiveCfg = Debug|Any CPU
		{5354D711-5A8C-4015-8527-7BD074179648}.Debug|Any CPU.Build.0 = Debug|Any CPU
		{5354D711-5A8C-4015-8527-7BD074179648}.Release|Any CPU.ActiveCfg = Release|Any CPU
		{5354D711-5A8C-4015-8527-7BD074179648}.Release|Any CPU.Build.0 = Release|Any CPU
	EndGlobalSection
	GlobalSection(SolutionProperties) = preSolution
		HideSolutionNode = FALSE
	EndGlobalSection
	GlobalSection(ExtensibilityGlobals) = postSolution
		SolutionGuid = {9405DDEC-25D4-43C2-B248-B8737C767214}
	EndGlobalSection
EndGlobal
